
Microsoft Visual Studio Solution File, Format Version 12.00
# Visual Studio 15
VisualStudioVersion = 15.0.28307.645
MinimumVisualStudioVersion = 10.0.40219.1
Project("{FAE04EC0-301F-11D3-BF4B-00C04F79EFBC}") = "oefening_1", "oefening\oefening_1.csproj", "{F025F33F-4057-4134-83C3-85264859DA41}"
EndProject
Project("{FAE04EC0-301F-11D3-BF4B-00C04F79EFBC}") = "Oefening_2", "Oefening 2\Oefening_2.csproj", "{DF2A5AC8-312F-4332-8ECA-D91EE866FE41}"
EndProject
Project("{FAE04EC0-301F-11D3-BF4B-00C04F79EFBC}") = "oefening_3", "oefening 3\oefening_3.csproj", "{8F52E81A-A8EC-4815-8895-A0CAF636C6F5}"
EndProject
Global
	GlobalSection(SolutionConfigurationPlatforms) = preSolution
		Debug|Any CPU = Debug|Any CPU
		Release|Any CPU = Release|Any CPU
	EndGlobalSection
	GlobalSection(ProjectConfigurationPlatforms) = postSolution
		{F025F33F-4057-4134-83C3-85264859DA41}.Debug|Any CPU.ActiveCfg = Debug|Any CPU
		{F025F33F-4057-4134-83C3-85264859DA41}.Debug|Any CPU.Build.0 = Debug|Any CPU
		{F025F33F-4057-4134-83C3-85264859DA41}.Release|Any CPU.ActiveCfg = Release|Any CPU
		{F025F33F-4057-4134-83C3-85264859DA41}.Release|Any CPU.Build.0 = Release|Any CPU
		{DF2A5AC8-312F-4332-8ECA-D91EE866FE41}.Debug|Any CPU.ActiveCfg = Debug|Any CPU
		{DF2A5AC8-312F-4332-8ECA-D91EE866FE41}.Debug|Any CPU.Build.0 = Debug|Any CPU
		{DF2A5AC8-312F-4332-8ECA-D91EE866FE41}.Release|Any CPU.ActiveCfg = Release|Any CPU
		{DF2A5AC8-312F-4332-8ECA-D91EE866FE41}.Release|Any CPU.Build.0 = Release|Any CPU
		{8F52E81A-A8EC-4815-8895-A0CAF636C6F5}.Debug|Any CPU.ActiveCfg = Debug|Any CPU
		{8F52E81A-A8EC-4815-8895-A0CAF636C6F5}.Debug|Any CPU.Build.0 = Debug|Any CPU
		{8F52E81A-A8EC-4815-8895-A0CAF636C6F5}.Release|Any CPU.ActiveCfg = Release|Any CPU
		{8F52E81A-A8EC-4815-8895-A0CAF636C6F5}.Release|Any CPU.Build.0 = Release|Any CPU
	EndGlobalSection
	GlobalSection(SolutionProperties) = preSolution
		HideSolutionNode = FALSE
	EndGlobalSection
	GlobalSection(ExtensibilityGlobals) = postSolution
		SolutionGuid = {731790A5-D185-44B5-A99F-4C0FDEAE9CE8}
	EndGlobalSection
EndGlobal
